
Microsoft Visual Studio Solution File, Format Version 12.00
# Visual Studio Version 17
VisualStudioVersion = 17.4.33110.190
MinimumVisualStudioVersion = 10.0.40219.1
Project("{FAE04EC0-301F-11D3-BF4B-00C04F79EFBC}") = "Banking", "Banking\Banking.csproj", "{FDC8DC33-24DC-4430-9F5F-307DB214CD8A}"
EndProject
Global
	GlobalSection(SolutionConfigurationPlatforms) = preSolution
		Debug|Any CPU = Debug|Any CPU
		Release|Any CPU = Release|Any CPU
	EndGlobalSection
	GlobalSection(ProjectConfigurationPlatforms) = postSolution
		{FDC8DC33-24DC-4430-9F5F-307DB214CD8A}.Debug|Any CPU.ActiveCfg = Debug|Any CPU
		{FDC8DC33-24DC-4430-9F5F-307DB214CD8A}.Debug|Any CPU.Build.0 = Debug|Any CPU
		{FDC8DC33-24DC-4430-9F5F-307DB214CD8A}.Release|Any CPU.ActiveCfg = Release|Any CPU
		{FDC8DC33-24DC-4430-9F5F-307DB214CD8A}.Release|Any CPU.Build.0 = Release|Any CPU
	EndGlobalSection
	GlobalSection(SolutionProperties) = preSolution
		HideSolutionNode = FALSE
	EndGlobalSection
	GlobalSection(ExtensibilityGlobals) = postSolution
		SolutionGuid = {73364984-A908-4897-A8F7-514710B2109C}
	EndGlobalSection
EndGlobal
